// !$*UTF8*$!
{
	archiveVersion = 1;
	classes = {
	};
	objectVersion = 50;
	objects = {

/* Begin PBXBuildFile section */
		1DBB7887254DE78000DD4CAA /* SwiftUIButtonStylesApp.swift in Sources */ = {isa = PBXBuildFile; fileRef = 1DBB7886254DE78000DD4CAA /* SwiftUIButtonStylesApp.swift */; };
		1DBB7889254DE78000DD4CAA /* ContentView.swift in Sources */ = {isa = PBXBuildFile; fileRef = 1DBB7888254DE78000DD4CAA /* ContentView.swift */; };
		1DBB788B254DE78300DD4CAA /* Assets.xcassets in Resources */ = {isa = PBXBuildFile; fileRef = 1DBB788A254DE78300DD4CAA /* Assets.xcassets */; };
		1DBB788E254DE78300DD4CAA /* Preview Assets.xcassets in Resources */ = {isa = PBXBuildFile; fileRef = 1DBB788D254DE78300DD4CAA /* Preview Assets.xcassets */; };
		1DBB7897254DE7AC00DD4CAA /* PullRequestView.swift in Sources */ = {isa = PBXBuildFile; fileRef = 1DBB7896254DE7AC00DD4CAA /* PullRequestView.swift */; };
/* End PBXBuildFile section */

/* Begin PBXFileReference section */
		1DBB7883254DE78000DD4CAA /* SwiftUIButtonStyles.app */ = {isa = PBXFileReference; explicitFileType = wrapper.application; includeInIndex = 0; path = SwiftUIButtonStyles.app; sourceTree = BUILT_PRODUCTS_DIR; };
		1DBB7886254DE78000DD4CAA /* SwiftUIButtonStylesApp.swift */ = {isa = PBXFileReference; lastKnownFileType = sourcecode.swift; path = SwiftUIButtonStylesApp.swift; sourceTree = "<group>"; };
		1DBB7888254DE78000DD4CAA /* ContentView.swift */ = {isa = PBXFileReference; lastKnownFileType = sourcecode.swift; path = ContentView.swift; sourceTree = "<group>"; };
		1DBB788A254DE78300DD4CAA /* Assets.xcassets */ = {isa = PBXFileReference; lastKnownFileType = folder.assetcatalog; path = Assets.xcassets; sourceTree = "<group>"; };
		1DBB788D254DE78300DD4CAA /* Preview Assets.xcassets */ = {isa = PBXFileReference; lastKnownFileType = folder.assetcatalog; path = "Preview Assets.xcassets"; sourceTree = "<group>"; };
		1DBB788F254DE78300DD4CAA /* Info.plist */ = {isa = PBXFileReference; lastKnownFileType = text.plist.xml; path = Info.plist; sourceTree = "<group>"; };
		1DBB7896254DE7AC00DD4CAA /* PullRequestView.swift */ = {isa = PBXFileReference; lastKnownFileType = sourcecode.swift; path = PullRequestView.swift; sourceTree = "<group>"; };
/* End PBXFileReference section */

/* Begin PBXFrameworksBuildPhase section */
		1DBB7880254DE78000DD4CAA /* Frameworks */ = {
			isa = PBXFrameworksBuildPhase;
			buildActionMask = 2147483647;
			files = (
			);
			runOnlyForDeploymentPostprocessing = 0;
		};
/* End PBXFrameworksBuildPhase section */

/* Begin PBXGroup section */
		1DBB787A254DE78000DD4CAA = {
			isa = PBXGroup;
			children = (
				1DBB7885254DE78000DD4CAA /* SwiftUIButtonStyles */,
				1DBB7884254DE78000DD4CAA /* Products */,
			);
			sourceTree = "<group>";
		};
		1DBB7884254DE78000DD4CAA /* Products */ = {
			isa = PBXGroup;
			children = (
				1DBB7883254DE78000DD4CAA /* SwiftUIButtonStyles.app */,
			);
			name = Products;
			sourceTree = "<group>";
		};
		1DBB7885254DE78000DD4CAA /* SwiftUIButtonStyles */ = {
			isa = PBXGroup;
			children = (
				1DBB7886254DE78000DD4CAA /* SwiftUIButtonStylesApp.swift */,
				1DBB7888254DE78000DD4CAA /* ContentView.swift */,
				1DBB7896254DE7AC00DD4CAA /* PullRequestView.swift */,
				1DBB788A254DE78300DD4CAA /* Assets.xcassets */,
				1DBB788F254DE78300DD4CAA /* Info.plist */,
				1DBB788C254DE78300DD4CAA /* Preview Content */,
			);
			path = SwiftUIButtonStyles;
			sourceTree = "<group>";
		};
		1DBB788C254DE78300DD4CAA /* Preview Content */ = {
			isa = PBXGroup;
			children = (
				1DBB788D254DE78300DD4CAA /* Preview Assets.xcassets */,
			);
			path = "Preview Content";
			sourceTree = "<group>";
		};
/* End PBXGroup section */

/* Begin PBXNativeTarget section */
		1DBB7882254DE78000DD4CAA /* SwiftUIButtonStyles */ = {
			isa = PBXNativeTarget;
			buildConfigurationList = 1DBB7892254DE78300DD4CAA /* Build configuration list for PBXNativeTarget "SwiftUIButtonStyles" */;
			buildPhases = (
				1DBB787F254DE78000DD4CAA /* Sources */,
				1DBB7880254DE78000DD4CAA /* Frameworks */,
				1DBB7881254DE78000DD4CAA /* Resources */,
			);
			buildRules = (
			);
			dependencies = (
			);
			name = SwiftUIButtonStyles;
			productName = SwiftUIButtonStyles;
			productReference = 1DBB7883254DE78000DD4CAA /* SwiftUIButtonStyles.app */;
			productType = "com.apple.product-type.application";
		};
/* End PBXNativeTarget section */

/* Begin PBXProject section */
		1DBB787B254DE78000DD4CAA /* Project object */ = {
			isa = PBXProject;
			attributes = {
				LastSwiftUpdateCheck = 1210;
				LastUpgradeCheck = 1210;
				TargetAttributes = {
					1DBB7882254DE78000DD4CAA = {
						CreatedOnToolsVersion = 12.1;
					};
				};
			};
			buildConfigurationList = 1DBB787E254DE78000DD4CAA /* Build configuration list for PBXProject "SwiftUIButtonStyles" */;
			compatibilityVersion = "Xcode 9.3";
			developmentRegion = en;
			hasScannedForEncodings = 0;
			knownRegions = (
				en,
				Base,
			);
			mainGroup = 1DBB787A254DE78000DD4CAA;
			productRefGroup = 1DBB7884254DE78000DD4CAA /* Products */;
			projectDirPath = "";
			projectRoot = "";
			targets = (
				1DBB7882254DE78000DD4CAA /* SwiftUIButtonStyles */,
			);
		};
/* End PBXProject section */

/* Begin PBXResourcesBuildPhase section */
		1DBB7881254DE78000DD4CAA /* Resources */ = {
			isa = PBXResourcesBuildPhase;
			buildActionMask = 2147483647;
			files = (
				1DBB788E254DE78300DD4CAA /* Preview Assets.xcassets in Resources */,
				1DBB788B254DE78300DD4CAA /* Assets.xcassets in Resources */,
			);
			runOnlyForDeploymentPostprocessing = 0;
		};
/* End PBXResourcesBuildPhase section */

/* Begin PBXSourcesBuildPhase section */
		1DBB787F254DE78000DD4CAA /* Sources */ = {
			isa = PBXSourcesBuildPhase;
			buildActionMask = 2147483647;
			files = (
				1DBB7897254DE7AC00DD4CAA /* PullRequestView.swift in Sources */,
				1DBB7889254DE78000DD4CAA /* ContentView.swift in Sources */,
				1DBB7887254DE78000DD4CAA /* SwiftUIButtonStylesApp.swift in Sources */,
			);
			runOnlyForDeploymentPostprocessing = 0;
		};
/* End PBXSourcesBuildPhase section */

/* Begin XCBuildConfiguration section */
		1DBB7890254DE78300DD4CAA /* Debug */ = {
			isa = XCBuildConfiguration;
			buildSettings = {
				ALWAYS_SEARCH_USER_PATHS = NO;
				CLANG_ANALYZER_NONNULL = YES;
				CLANG_ANALYZER_NUMBER_OBJECT_CONVERSION = YES_AGGRESSIVE;
				CLANG_CXX_LANGUAGE_STANDARD = "gnu++14";
				CLANG_CXX_LIBRARY = "libc++";
				CLANG_ENABLE_MODULES = YES;
				CLANG_ENABLE_OBJC_ARC = YES;
				CLANG_ENABLE_OBJC_WEAK = YES;
				CLANG_WARN_BLOCK_CAPTURE_AUTORELEASING = YES;
				CLANG_WARN_BOOL_CONVERSION = YES;
				CLANG_WARN_COMMA = YES;
				CLANG_WARN_CONSTANT_CONVERSION = YES;
				CLANG_WARN_DEPRECATED_OBJC_IMPLEMENTATIONS = YES;
				CLANG_WARN_DIRECT_OBJC_ISA_USAGE = YES_ERROR;
				CLANG_WARN_DOCUMENTATION_COMMENTS = YES;
				CLANG_WARN_EMPTY_BODY = YES;
				CLANG_WARN_ENUM_CONVERSION = YES;
				CLANG_WARN_INFINITE_RECURSION = YES;
				CLANG_WARN_INT_CONVERSION = YES;
				CLANG_WARN_NON_LITERAL_NULL_CONVERSION = YES;
				CLANG_WARN_OBJC_IMPLICIT_RETAIN_SELF = YES;
				CLANG_WARN_OBJC_LITERAL_CONVERSION = YES;
				CLANG_WARN_OBJC_ROOT_CLASS = YES_ERROR;
				CLANG_WARN_QUOTED_INCLUDE_IN_FRAMEWORK_HEADER = YES;
				CLANG_WARN_RANGE_LOOP_ANALYSIS = YES;
				CLANG_WARN_STRICT_PROTOTYPES = YES;
				CLANG_WARN_SUSPICIOUS_MOVE = YES;
				CLANG_WARN_UNGUARDED_AVAILABILITY = YES_AGGRESSIVE;
				CLANG_WARN_UNREACHABLE_CODE = YES;
				CLANG_WARN__DUPLICATE_METHOD_MATCH = YES;
				COPY_PHASE_STRIP = NO;
				DEBUG_INFORMATION_FORMAT = dwarf;
				ENABLE_STRICT_OBJC_MSGSEND = YES;
				ENABLE_TESTABILITY = YES;
				GCC_C_LANGUAGE_STANDARD = gnu11;
				GCC_DYNAMIC_NO_PIC = NO;
				GCC_NO_COMMON_BLOCKS = YES;
				GCC_OPTIMIZATION_LEVEL = 0;
				GCC_PREPROCESSOR_DEFINITIONS = (
					"DEBUG=1",
					"$(inherited)",
				);
				GCC_WARN_64_TO_32_BIT_CONVERSION = YES;
				GCC_WARN_ABOUT_RETURN_TYPE = YES_ERROR;
				GCC_WARN_UNDECLARED_SELECTOR = YES;
				GCC_WARN_UNINITIALIZED_AUTOS = YES_AGGRESSIVE;
				GCC_WARN_UNUSED_FUNCTION = YES;
				GCC_WARN_UNUSED_VARIABLE = YES;
				IPHONEOS_DEPLOYMENT_TARGET = 14.1;
				MTL_ENABLE_DEBUG_INFO = INCLUDE_SOURCE;
				MTL_FAST_MATH = YES;
				ONLY_ACTIVE_ARCH = YES;
				SDKROOT = iphoneos;
				SWIFT_ACTIVE_COMPILATION_CONDITIONS = DEBUG;
				SWIFT_OPTIMIZATION_LEVEL = "-Onone";
			};
			name = Debug;
		};
		1DBB7891254DE78300DD4CAA /* Release */ = {
			isa = XCBuildConfiguration;
			buildSettings = {
				ALWAYS_SEARCH_USER_PATHS = NO;
				CLANG_ANALYZER_NONNULL = YES;
				CLANG_ANALYZER_NUMBER_OBJECT_CONVERSION = YES_AGGRESSIVE;
				CLANG_CXX_LANGUAGE_STANDARD = "gnu++14";
				CLANG_CXX_LIBRARY = "libc++";
				CLANG_ENABLE_MODULES = YES;
				CLANG_ENABLE_OBJC_ARC = YES;
				CLANG_ENABLE_OBJC_WEAK = YES;
				CLANG_WARN_BLOCK_CAPTURE_AUTORELEASING = YES;
				CLANG_WARN_BOOL_CONVERSION = YES;
				CLANG_WARN_COMMA = YES;
				CLANG_WARN_CONSTANT_CONVERSION = YES;
				CLANG_WARN_DEPRECATED_OBJC_IMPLEMENTATIONS = YES;
				CLANG_WARN_DIRECT_OBJC_ISA_USAGE = YES_ERROR;
				CLANG_WARN_DOCUMENTATION_COMMENTS = YES;
				CLANG_WARN_EMPTY_BODY = YES;
				CLANG_WARN_ENUM_CONVERSION = YES;
				CLANG_WARN_INFINITE_RECURSION = YES;
				CLANG_WARN_INT_CONVERSION = YES;
				CLANG_WARN_NON_LITERAL_NULL_CONVERSION = YES;
				CLANG_WARN_OBJC_IMPLICIT_RETAIN_SELF = YES;
				CLANG_WARN_OBJC_LITERAL_CONVERSION = YES;
				CLANG_WARN_OBJC_ROOT_CLASS = YES_ERROR;
				CLANG_WARN_QUOTED_INCLUDE_IN_FRAMEWORK_HEADER = YES;
				CLANG_WARN_RANGE_LOOP_ANALYSIS = YES;
				CLANG_WARN_STRICT_PROTOTYPES = YES;
				CLANG_WARN_SUSPICIOUS_MOVE = YES;
				CLANG_WARN_UNGUARDED_AVAILABILITY = YES_AGGRESSIVE;
				CLANG_WARN_UNREACHABLE_CODE = YES;
				CLANG_WARN__DUPLICATE_METHOD_MATCH = YES;
				COPY_PHASE_STRIP = NO;
				DEBUG_INFORMATION_FORMAT = "dwarf-with-dsym";
				ENABLE_NS_ASSERTIONS = NO;
				ENABLE_STRICT_OBJC_MSGSEND = YES;
				GCC_C_LANGUAGE_STANDARD = gnu11;
				GCC_NO_COMMON_BLOCKS = YES;
				GCC_WARN_64_TO_32_BIT_CONVERSION = YES;
				GCC_WARN_ABOUT_RETURN_TYPE = YES_ERROR;
				GCC_WARN_UNDECLARED_SELECTOR = YES;
				GCC_WARN_UNINITIALIZED_AUTOS = YES_AGGRESSIVE;
				GCC_WARN_UNUSED_FUNCTION = YES;
				GCC_WARN_UNUSED_VARIABLE = YES;
				IPHONEOS_DEPLOYMENT_TARGET = 14.1;
				MTL_ENABLE_DEBUG_INFO = NO;
				MTL_FAST_MATH = YES;
				SDKROOT = iphoneos;
				SWIFT_COMPILATION_MODE = wholemodule;
				SWIFT_OPTIMIZATION_LEVEL = "-O";
				VALIDATE_PRODUCT = YES;
			};
			name = Release;
		};
		1DBB7893254DE78300DD4CAA /* Debug */ = {
			isa = XCBuildConfiguration;
			buildSettings = {
				ASSETCATALOG_COMPILER_APPICON_NAME = AppIcon;
				ASSETCATALOG_COMPILER_GLOBAL_ACCENT_COLOR_NAME = AccentColor;
				CODE_SIGN_STYLE = Automatic;
				DEVELOPMENT_ASSET_PATHS = "\"SwiftUIButtonStyles/Preview Content\"";
				ENABLE_PREVIEWS = YES;
				INFOPLIST_FILE = SwiftUIButtonStyles/Info.plist;
				IPHONEOS_DEPLOYMENT_TARGET = 14.0;
				LD_RUNPATH_SEARCH_PATHS = (
					"$(inherited)",
					"@executable_path/Frameworks",
				);
				PRODUCT_BUNDLE_IDENTIFIER = com.ri.SwiftUIButtonStyles;
				PRODUCT_NAME = "$(TARGET_NAME)";
				SWIFT_VERSION = 5.0;
				TARGETED_DEVICE_FAMILY = "1,2";
			};
			name = Debug;
		};
		1DBB7894254DE78300DD4CAA /* Release */ = {
			isa = XCBuildConfiguration;
			buildSettings = {
				ASSETCATALOG_COMPILER_APPICON_NAME = AppIcon;
				ASSETCATALOG_COMPILER_GLOBAL_ACCENT_COLOR_NAME = AccentColor;
				CODE_SIGN_STYLE = Automatic;
				DEVELOPMENT_ASSET_PATHS = "\"SwiftUIButtonStyles/Preview Content\"";
				ENABLE_PREVIEWS = YES;
				INFOPLIST_FILE = SwiftUIButtonStyles/Info.plist;
				IPHONEOS_DEPLOYMENT_TARGET = 14.0;
				LD_RUNPATH_SEARCH_PATHS = (
					"$(inherited)",
					"@executable_path/Frameworks",
				);
				PRODUCT_BUNDLE_IDENTIFIER = com.ri.SwiftUIButtonStyles;
				PRODUCT_NAME = "$(TARGET_NAME)";
				SWIFT_VERSION = 5.0;
				TARGETED_DEVICE_FAMILY = "1,2";
			};
			name = Release;
		};
/* End XCBuildConfiguration section */

/* Begin XCConfigurationList section */
		1DBB787E254DE78000DD4CAA /* Build configuration list for PBXProject "SwiftUIButtonStyles" */ = {
			isa = XCConfigurationList;
			buildConfigurations = (
				1DBB7890254DE78300DD4CAA /* Debug */,
				1DBB7891254DE78300DD4CAA /* Release */,
			);
			defaultConfigurationIsVisible = 0;
			defaultConfigurationName = Release;
		};
		1DBB7892254DE78300DD4CAA /* Build configuration list for PBXNativeTarget "SwiftUIButtonStyles" */ = {
			isa = XCConfigurationList;
			buildConfigurations = (
				1DBB7893254DE78300DD4CAA /* Debug */,
				1DBB7894254DE78300DD4CAA /* Release */,
			);
			defaultConfigurationIsVisible = 0;
			defaultConfigurationName = Release;
		};
/* End XCConfigurationList section */
	};
	rootObject = 1DBB787B254DE78000DD4CAA /* Project object */;
}
